
Microsoft Visual Studio Solution File, Format Version 12.00
# Visual Studio Version 16
VisualStudioVersion = 16.0.30611.23
MinimumVisualStudioVersion = 10.0.40219.1
Project("{FAE04EC0-301F-11D3-BF4B-00C04F79EFBC}") = "Aula6", "Aula6\Aula6.csproj", "{43452C83-27D9-4DAA-8F44-7B0000AA7AA3}"
EndProject
Global
	GlobalSection(SolutionConfigurationPlatforms) = preSolution
		Debug|Any CPU = Debug|Any CPU
		Release|Any CPU = Release|Any CPU
	EndGlobalSection
	GlobalSection(ProjectConfigurationPlatforms) = postSolution
		{43452C83-27D9-4DAA-8F44-7B0000AA7AA3}.Debug|Any CPU.ActiveCfg = Debug|Any CPU
		{43452C83-27D9-4DAA-8F44-7B0000AA7AA3}.Debug|Any CPU.Build.0 = Debug|Any CPU
		{43452C83-27D9-4DAA-8F44-7B0000AA7AA3}.Release|Any CPU.ActiveCfg = Release|Any CPU
		{43452C83-27D9-4DAA-8F44-7B0000AA7AA3}.Release|Any CPU.Build.0 = Release|Any CPU
	EndGlobalSection
	GlobalSection(SolutionProperties) = preSolution
		HideSolutionNode = FALSE
	EndGlobalSection
	GlobalSection(ExtensibilityGlobals) = postSolution
		SolutionGuid = {C1280F42-239D-4999-881C-0A5BDE4EF648}
	EndGlobalSection
EndGlobal
